// !$*UTF8*$!
{
	archiveVersion = 1;
	classes = {
	};
	objectVersion = 46;
	objects = {

/* Begin PBXBuildFile section */
		2B49E1D41D71596000E770C5 /* main.cpp in Sources */ = {isa = PBXBuildFile; fileRef = 2B49E1D31D71596000E770C5 /* main.cpp */; };
/* End PBXBuildFile section */

/* Begin PBXCopyFilesBuildPhase section */
		2B49E1CE1D71596000E770C5 /* CopyFiles */ = {
			isa = PBXCopyFilesBuildPhase;
			buildActionMask = 2147483647;
			dstPath = /usr/share/man/man1/;
			dstSubfolderSpec = 0;
			files = (
			);
			runOnlyForDeploymentPostprocessing = 1;
		};
/* End PBXCopyFilesBuildPhase section */

/* Begin PBXFileReference section */
		2B49E1D01D71596000E770C5 /* threadsafe_queue_with_condition_variable */ = {isa = PBXFileReference; explicitFileType = "compiled.mach-o.executable"; includeInIndex = 0; path = threadsafe_queue_with_condition_variable; sourceTree = BUILT_PRODUCTS_DIR; };
		2B49E1D31D71596000E770C5 /* main.cpp */ = {isa = PBXFileReference; lastKnownFileType = sourcecode.cpp.cpp; path = main.cpp; sourceTree = "<group>"; };
/* End PBXFileReference section */

/* Begin PBXFrameworksBuildPhase section */
		2B49E1CD1D71596000E770C5 /* Frameworks */ = {
			isa = PBXFrameworksBuildPhase;
			buildActionMask = 2147483647;
			files = (
			);
			runOnlyForDeploymentPostprocessing = 0;
		};
/* End PBXFrameworksBuildPhase section */

/* Begin PBXGroup section */
		2B49E1C71D71596000E770C5 = {
			isa = PBXGroup;
			children = (
				2B49E1D21D71596000E770C5 /* threadsafe_queue_with_condition_variable */,
				2B49E1D11D71596000E770C5 /* Products */,
			);
			sourceTree = "<group>";
		};
		2B49E1D11D71596000E770C5 /* Products */ = {
			isa = PBXGroup;
			children = (
				2B49E1D01D71596000E770C5 /* threadsafe_queue_with_condition_variable */,
			);
			name = Products;
			sourceTree = "<group>";
		};
		2B49E1D21D71596000E770C5 /* threadsafe_queue_with_condition_variable */ = {
			isa = PBXGroup;
			children = (
				2B49E1D31D71596000E770C5 /* main.cpp */,
			);
			path = threadsafe_queue_with_condition_variable;
			sourceTree = "<group>";
		};
/* End PBXGroup section */

/* Begin PBXNativeTarget section */
		2B49E1CF1D71596000E770C5 /* threadsafe_queue_with_condition_variable */ = {
			isa = PBXNativeTarget;
			buildConfigurationList = 2B49E1D71D71596000E770C5 /* Build configuration list for PBXNativeTarget "threadsafe_queue_with_condition_variable" */;
			buildPhases = (
				2B49E1CC1D71596000E770C5 /* Sources */,
				2B49E1CD1D71596000E770C5 /* Frameworks */,
				2B49E1CE1D71596000E770C5 /* CopyFiles */,
			);
			buildRules = (
			);
			dependencies = (
			);
			name = threadsafe_queue_with_condition_variable;
			productName = threadsafe_queue_with_condition_variable;
			productReference = 2B49E1D01D71596000E770C5 /* threadsafe_queue_with_condition_variable */;
			productType = "com.apple.product-type.tool";
		};
/* End PBXNativeTarget section */

/* Begin PBXProject section */
		2B49E1C81D71596000E770C5 /* Project object */ = {
			isa = PBXProject;
			attributes = {
				LastUpgradeCheck = 0730;
				ORGANIZATIONNAME = JustDevelopers;
				TargetAttributes = {
					2B49E1CF1D71596000E770C5 = {
						CreatedOnToolsVersion = 7.3.1;
					};
				};
			};
			buildConfigurationList = 2B49E1CB1D71596000E770C5 /* Build configuration list for PBXProject "threadsafe_queue_with_condition_variable" */;
			compatibilityVersion = "Xcode 3.2";
			developmentRegion = English;
			hasScannedForEncodings = 0;
			knownRegions = (
				en,
			);
			mainGroup = 2B49E1C71D71596000E770C5;
			productRefGroup = 2B49E1D11D71596000E770C5 /* Products */;
			projectDirPath = "";
			projectRoot = "";
			targets = (
				2B49E1CF1D71596000E770C5 /* threadsafe_queue_with_condition_variable */,
			);
		};
/* End PBXProject section */

/* Begin PBXSourcesBuildPhase section */
		2B49E1CC1D71596000E770C5 /* Sources */ = {
			isa = PBXSourcesBuildPhase;
			buildActionMask = 2147483647;
			files = (
				2B49E1D41D71596000E770C5 /* main.cpp in Sources */,
			);
			runOnlyForDeploymentPostprocessing = 0;
		};
/* End PBXSourcesBuildPhase section */

/* Begin XCBuildConfiguration section */
		2B49E1D51D71596000E770C5 /* Debug */ = {
			isa = XCBuildConfiguration;
			buildSettings = {
				ALWAYS_SEARCH_USER_PATHS = NO;
				CLANG_ANALYZER_NONNULL = YES;
				CLANG_CXX_LANGUAGE_STANDARD = "gnu++0x";
				CLANG_CXX_LIBRARY = "libc++";
				CLANG_ENABLE_MODULES = YES;
				CLANG_ENABLE_OBJC_ARC = YES;
				CLANG_WARN_BOOL_CONVERSION = YES;
				CLANG_WARN_CONSTANT_CONVERSION = YES;
				CLANG_WARN_DIRECT_OBJC_ISA_USAGE = YES_ERROR;
				CLANG_WARN_EMPTY_BODY = YES;
				CLANG_WARN_ENUM_CONVERSION = YES;
				CLANG_WARN_INT_CONVERSION = YES;
				CLANG_WARN_OBJC_ROOT_CLASS = YES_ERROR;
				CLANG_WARN_UNREACHABLE_CODE = YES;
				CLANG_WARN__DUPLICATE_METHOD_MATCH = YES;
				CODE_SIGN_IDENTITY = "-";
				COPY_PHASE_STRIP = NO;
				DEBUG_INFORMATION_FORMAT = dwarf;
				ENABLE_STRICT_OBJC_MSGSEND = YES;
				ENABLE_TESTABILITY = YES;
				GCC_C_LANGUAGE_STANDARD = gnu99;
				GCC_DYNAMIC_NO_PIC = NO;
				GCC_NO_COMMON_BLOCKS = YES;
				GCC_OPTIMIZATION_LEVEL = 0;
				GCC_PREPROCESSOR_DEFINITIONS = (
					"DEBUG=1",
					"$(inherited)",
				);
				GCC_WARN_64_TO_32_BIT_CONVERSION = YES;
				GCC_WARN_ABOUT_RETURN_TYPE = YES_ERROR;
				GCC_WARN_UNDECLARED_SELECTOR = YES;
				GCC_WARN_UNINITIALIZED_AUTOS = YES_AGGRESSIVE;
				GCC_WARN_UNUSED_FUNCTION = YES;
				GCC_WARN_UNUSED_VARIABLE = YES;
				MACOSX_DEPLOYMENT_TARGET = 10.11;
				MTL_ENABLE_DEBUG_INFO = YES;
				ONLY_ACTIVE_ARCH = YES;
				SDKROOT = macosx;
			};
			name = Debug;
		};
		2B49E1D61D71596000E770C5 /* Release */ = {
			isa = XCBuildConfiguration;
			buildSettings = {
				ALWAYS_SEARCH_USER_PATHS = NO;
				CLANG_ANALYZER_NONNULL = YES;
				CLANG_CXX_LANGUAGE_STANDARD = "gnu++0x";
				CLANG_CXX_LIBRARY = "libc++";
				CLANG_ENABLE_MODULES = YES;
				CLANG_ENABLE_OBJC_ARC = YES;
				CLANG_WARN_BOOL_CONVERSION = YES;
				CLANG_WARN_CONSTANT_CONVERSION = YES;
				CLANG_WARN_DIRECT_OBJC_ISA_USAGE = YES_ERROR;
				CLANG_WARN_EMPTY_BODY = YES;
				CLANG_WARN_ENUM_CONVERSION = YES;
				CLANG_WARN_INT_CONVERSION = YES;
				CLANG_WARN_OBJC_ROOT_CLASS = YES_ERROR;
				CLANG_WARN_UNREACHABLE_CODE = YES;
				CLANG_WARN__DUPLICATE_METHOD_MATCH = YES;
				CODE_SIGN_IDENTITY = "-";
				COPY_PHASE_STRIP = NO;
				DEBUG_INFORMATION_FORMAT = "dwarf-with-dsym";
				ENABLE_NS_ASSERTIONS = NO;
				ENABLE_STRICT_OBJC_MSGSEND = YES;
				GCC_C_LANGUAGE_STANDARD = gnu99;
				GCC_NO_COMMON_BLOCKS = YES;
				GCC_WARN_64_TO_32_BIT_CONVERSION = YES;
				GCC_WARN_ABOUT_RETURN_TYPE = YES_ERROR;
				GCC_WARN_UNDECLARED_SELECTOR = YES;
				GCC_WARN_UNINITIALIZED_AUTOS = YES_AGGRESSIVE;
				GCC_WARN_UNUSED_FUNCTION = YES;
				GCC_WARN_UNUSED_VARIABLE = YES;
				MACOSX_DEPLOYMENT_TARGET = 10.11;
				MTL_ENABLE_DEBUG_INFO = NO;
				SDKROOT = macosx;
			};
			name = Release;
		};
		2B49E1D81D71596000E770C5 /* Debug */ = {
			isa = XCBuildConfiguration;
			buildSettings = {
				PRODUCT_NAME = "$(TARGET_NAME)";
			};
			name = Debug;
		};
		2B49E1D91D71596000E770C5 /* Release */ = {
			isa = XCBuildConfiguration;
			buildSettings = {
				PRODUCT_NAME = "$(TARGET_NAME)";
			};
			name = Release;
		};
/* End XCBuildConfiguration section */

/* Begin XCConfigurationList section */
		2B49E1CB1D71596000E770C5 /* Build configuration list for PBXProject "threadsafe_queue_with_condition_variable" */ = {
			isa = XCConfigurationList;
			buildConfigurations = (
				2B49E1D51D71596000E770C5 /* Debug */,
				2B49E1D61D71596000E770C5 /* Release */,
			);
			defaultConfigurationIsVisible = 0;
			defaultConfigurationName = Release;
		};
		2B49E1D71D71596000E770C5 /* Build configuration list for PBXNativeTarget "threadsafe_queue_with_condition_variable" */ = {
			isa = XCConfigurationList;
			buildConfigurations = (
				2B49E1D81D71596000E770C5 /* Debug */,
				2B49E1D91D71596000E770C5 /* Release */,
			);
			defaultConfigurationIsVisible = 0;
		};
/* End XCConfigurationList section */
	};
	rootObject = 2B49E1C81D71596000E770C5 /* Project object */;
}
